<?xml version="1.0" encoding="utf-8"?>
<Project ToolsVersion="4.0" xmlns="http://schemas.microsoft.com/developer/msbuild/2003">
  <ItemGroup>
    <Filter Include="Source Files">
      <UniqueIdentifier>{4FC737F1-C7A5-4376-A066-2A32D752A2FF}</UniqueIdentifier>
      <Extensions>cpp;c;cc;cxx;def;odl;idl;hpj;bat;asm;asmx</Extensions>
    </Filter>
    <Filter Include="Header Files">
      <UniqueIdentifier>{93995380-89BD-4b04-88EB-625FBE52EBFB}</UniqueIdentifier>
      <Extensions>h;hh;hpp;hxx;hm;inl;inc;xsd</Extensions>
    </Filter>
    <Filter Include="Resource Files">
      <UniqueIdentifier>{67DA6AB6-F800-4c08-8B7A-83BB121AAD01}</UniqueIdentifier>
      <Extensions>rc;ico;cur;bmp;dlg;rc2;rct;bin;rgs;gif;jpg;jpeg;jpe;resx;tiff;tif;png;wav;mfcribbon-ms</Extensions>
    </Filter>
  </ItemGroup>
  <ItemGroup>
    <ClCompile Include="train_object_detector.cpp">
      <Filter>Source Files</Filter>
    </ClCompile>
    <ClCompile Include="featL1_Base.cpp">
      <Filter>Source Files</Filter>
    </ClCompile>
    <ClCompile Include="featL2_Base.cpp">
      <Filter>Source Files</Filter>
    </ClCompile>
    <ClCompile Include="classifier_Base.cpp">
      <Filter>Source Files</Filter>
    </ClCompile>
    <ClCompile Include="NMS_Base.cpp">
      <Filter>Source Files</Filter>
    </ClCompile>
    <ClCompile Include="featL1_naive.cpp">
      <Filter>Source Files</Filter>
    </ClCompile>
    <ClCompile Include="hogVLFeatL1.cpp">
      <Filter>Source Files</Filter>
    </ClCompile>
    <ClCompile Include="lbpVLFeatL1.cpp">
      <Filter>Source Files</Filter>
    </ClCompile>
    <ClCompile Include="hogDollarFeatL1.cpp">
      <Filter>Source Files</Filter>
    </ClCompile>
    <ClCompile Include="hogLbpFeatL1.cpp">
      <Filter>Source Files</Filter>
    </ClCompile>
    <ClCompile Include="featL2_naive.cpp">
      <Filter>Source Files</Filter>
    </ClCompile>
    <ClCompile Include="classifier_naive.cpp">
      <Filter>Source Files</Filter>
    </ClCompile>
    <ClCompile Include="classifier_SVM_opencv.cpp">
      <Filter>Source Files</Filter>
    </ClCompile>
    <ClCompile Include="classifier_SVM_vlfeat.cpp">
      <Filter>Source Files</Filter>
    </ClCompile>
    <ClCompile Include="classifier_perceptron.cpp">
      <Filter>Source Files</Filter>
    </ClCompile>
    <ClCompile Include="NMS_naive.cpp">
      <Filter>Source Files</Filter>
    </ClCompile>
    <ClCompile Include="NMSGreedy.cpp">
      <Filter>Source Files</Filter>
    </ClCompile>
    <ClCompile Include="NMSOpencv.cpp">
      <Filter>Source Files</Filter>
    </ClCompile>
    <ClCompile Include="slidewin_detector.cpp">
      <Filter>Source Files</Filter>
    </ClCompile>
    <ClCompile Include="classifier_RF_opencv.cpp">
      <Filter>Source Files</Filter>
    </ClCompile>
    <ClCompile Include="classifier_train_utils.cpp">
      <Filter>Source Files</Filter>
    </ClCompile>
  </ItemGroup>
  <ItemGroup>
    <ClInclude Include="train_object_detector.h">
      <Filter>Header Files</Filter>
    </ClInclude>
    <ClInclude Include="apply_object_detector.h">
      <Filter>Header Files</Filter>
    </ClInclude>
    <ClInclude Include="featL1_Base.h">
      <Filter>Header Files</Filter>
    </ClInclude>
    <ClInclude Include="featL2_Base.h">
      <Filter>Header Files</Filter>
    </ClInclude>
    <ClInclude Include="classifier_Base.h">
      <Filter>Header Files</Filter>
    </ClInclude>
    <ClInclude Include="NMS_Base.h">
      <Filter>Header Files</Filter>
    </ClInclude>
    <ClInclude Include="featL1_naive.h">
      <Filter>Header Files</Filter>
    </ClInclude>
    <ClInclude Include="hogVLFeatL1.h">
      <Filter>Header Files</Filter>
    </ClInclude>
    <ClInclude Include="lbpVLFeatL1.h">
      <Filter>Header Files</Filter>
    </ClInclude>
    <ClInclude Include="hogDollarFeatL1.h">
      <Filter>Header Files</Filter>
    </ClInclude>
    <ClInclude Include="hogLbpFeatL1.h">
      <Filter>Header Files</Filter>
    </ClInclude>
    <ClInclude Include="featL2_naive.h">
      <Filter>Header Files</Filter>
    </ClInclude>
    <ClInclude Include="classifier_naive.h">
      <Filter>Header Files</Filter>
    </ClInclude>
    <ClInclude Include="classifier_SVM_opencv.h">
      <Filter>Header Files</Filter>
    </ClInclude>
    <ClInclude Include="classifier_SVM_vlfeat.h">
      <Filter>Header Files</Filter>
    </ClInclude>
    <ClInclude Include="classifier_perceptron.h">
      <Filter>Header Files</Filter>
    </ClInclude>
    <ClInclude Include="NMS_naive.h">
      <Filter>Header Files</Filter>
    </ClInclude>
    <ClInclude Include="NMSGreedy.h">
      <Filter>Header Files</Filter>
    </ClInclude>
    <ClInclude Include="NMSOpencv.h">
      <Filter>Header Files</Filter>
    </ClInclude>
    <ClInclude Include="slidewin_detector.h">
      <Filter>Header Files</Filter>
    </ClInclude>
    <ClInclude Include="classifier_RF_opencv.h">
      <Filter>Header Files</Filter>
    </ClInclude>
    <ClInclude Include="classifier_train_utils.h">
      <Filter>Header Files</Filter>
    </ClInclude>
  </ItemGroup>
</Project>